
Microsoft Visual Studio Solution File, Format Version 12.00
# Visual Studio Version 17
VisualStudioVersion = 17.8.34511.84
MinimumVisualStudioVersion = 10.0.40219.1
Project("{9A19103F-16F7-4668-BE54-9A1E7A4F7556}") = "ENS.API", "ENS.API\ENS.API.csproj", "{8C67E3C5-ADF9-436F-96D5-FBF744453D6F}"
EndProject
Project("{9A19103F-16F7-4668-BE54-9A1E7A4F7556}") = "ENS.ExcelParser", "ENS.ExcelParser\ENS.ExcelParser.csproj", "{0EB90AE2-37E9-4539-A5BD-7B51D4D1CA7C}"
EndProject
Project("{9A19103F-16F7-4668-BE54-9A1E7A4F7556}") = "ParserTests", "ParserTests\ParserTests.csproj", "{0F59A52D-1C0C-464F-9B74-66F73CC30C88}"
EndProject
Project("{9A19103F-16F7-4668-BE54-9A1E7A4F7556}") = "ENS.DBAccess", "ENS.DBAccess\ENS.DBAccess.csproj", "{CAF56B3A-8CE3-4F94-9947-11C95DB2A329}"
EndProject
Project("{9A19103F-16F7-4668-BE54-9A1E7A4F7556}") = "ENS.View", "ENS.View\ENS.View.csproj", "{AB5FD6F0-D458-47C0-8AF6-39DCC2D28CA2}"
EndProject
Project("{9A19103F-16F7-4668-BE54-9A1E7A4F7556}") = "ENS.Application", "ENS.Application\ENS.Application.csproj", "{3BA686E3-1EA3-48A2-94FB-08F4ABAC9546}"
EndProject
Project("{FAE04EC0-301F-11D3-BF4B-00C04F79EFBC}") = "ENS.NotificationSender", "ENS.NotificationSender\ENS.NotificationSender.csproj", "{C643FD96-F9D4-4E66-A55A-E6F48F982056}"
EndProject
Global
	GlobalSection(SolutionConfigurationPlatforms) = preSolution
		Debug|Any CPU = Debug|Any CPU
		Release|Any CPU = Release|Any CPU
	EndGlobalSection
	GlobalSection(ProjectConfigurationPlatforms) = postSolution
		{8C67E3C5-ADF9-436F-96D5-FBF744453D6F}.Debug|Any CPU.ActiveCfg = Debug|Any CPU
		{8C67E3C5-ADF9-436F-96D5-FBF744453D6F}.Debug|Any CPU.Build.0 = Debug|Any CPU
		{8C67E3C5-ADF9-436F-96D5-FBF744453D6F}.Release|Any CPU.ActiveCfg = Release|Any CPU
		{8C67E3C5-ADF9-436F-96D5-FBF744453D6F}.Release|Any CPU.Build.0 = Release|Any CPU
		{0EB90AE2-37E9-4539-A5BD-7B51D4D1CA7C}.Debug|Any CPU.ActiveCfg = Debug|Any CPU
		{0EB90AE2-37E9-4539-A5BD-7B51D4D1CA7C}.Debug|Any CPU.Build.0 = Debug|Any CPU
		{0EB90AE2-37E9-4539-A5BD-7B51D4D1CA7C}.Release|Any CPU.ActiveCfg = Release|Any CPU
		{0EB90AE2-37E9-4539-A5BD-7B51D4D1CA7C}.Release|Any CPU.Build.0 = Release|Any CPU
		{0F59A52D-1C0C-464F-9B74-66F73CC30C88}.Debug|Any CPU.ActiveCfg = Debug|Any CPU
		{0F59A52D-1C0C-464F-9B74-66F73CC30C88}.Debug|Any CPU.Build.0 = Debug|Any CPU
		{0F59A52D-1C0C-464F-9B74-66F73CC30C88}.Release|Any CPU.ActiveCfg = Release|Any CPU
		{0F59A52D-1C0C-464F-9B74-66F73CC30C88}.Release|Any CPU.Build.0 = Release|Any CPU
		{CAF56B3A-8CE3-4F94-9947-11C95DB2A329}.Debug|Any CPU.ActiveCfg = Debug|Any CPU
		{CAF56B3A-8CE3-4F94-9947-11C95DB2A329}.Debug|Any CPU.Build.0 = Debug|Any CPU
		{CAF56B3A-8CE3-4F94-9947-11C95DB2A329}.Release|Any CPU.ActiveCfg = Release|Any CPU
		{CAF56B3A-8CE3-4F94-9947-11C95DB2A329}.Release|Any CPU.Build.0 = Release|Any CPU
		{AB5FD6F0-D458-47C0-8AF6-39DCC2D28CA2}.Debug|Any CPU.ActiveCfg = Debug|Any CPU
		{AB5FD6F0-D458-47C0-8AF6-39DCC2D28CA2}.Debug|Any CPU.Build.0 = Debug|Any CPU
		{AB5FD6F0-D458-47C0-8AF6-39DCC2D28CA2}.Release|Any CPU.ActiveCfg = Release|Any CPU
		{AB5FD6F0-D458-47C0-8AF6-39DCC2D28CA2}.Release|Any CPU.Build.0 = Release|Any CPU
		{3BA686E3-1EA3-48A2-94FB-08F4ABAC9546}.Debug|Any CPU.ActiveCfg = Debug|Any CPU
		{3BA686E3-1EA3-48A2-94FB-08F4ABAC9546}.Debug|Any CPU.Build.0 = Debug|Any CPU
		{3BA686E3-1EA3-48A2-94FB-08F4ABAC9546}.Release|Any CPU.ActiveCfg = Release|Any CPU
		{3BA686E3-1EA3-48A2-94FB-08F4ABAC9546}.Release|Any CPU.Build.0 = Release|Any CPU
		{C643FD96-F9D4-4E66-A55A-E6F48F982056}.Debug|Any CPU.ActiveCfg = Debug|Any CPU
		{C643FD96-F9D4-4E66-A55A-E6F48F982056}.Debug|Any CPU.Build.0 = Debug|Any CPU
		{C643FD96-F9D4-4E66-A55A-E6F48F982056}.Release|Any CPU.ActiveCfg = Release|Any CPU
		{C643FD96-F9D4-4E66-A55A-E6F48F982056}.Release|Any CPU.Build.0 = Release|Any CPU
	EndGlobalSection
	GlobalSection(SolutionProperties) = preSolution
		HideSolutionNode = FALSE
	EndGlobalSection
	GlobalSection(ExtensibilityGlobals) = postSolution
		SolutionGuid = {A4A4EF91-BC6D-4D45-A0FA-E8B46B6E27C2}
	EndGlobalSection
EndGlobal
